
Microsoft Visual Studio Solution File, Format Version 12.00
# Visual Studio 2013
VisualStudioVersion = 12.0.21005.1
MinimumVisualStudioVersion = 10.0.40219.1
Project("{8BC9CEB8-8B4A-11D0-8D11-00A0C91BC942}") = "Project1", "Project1\Project1.vcxproj", "{D8BFEA8D-9794-45A3-910F-9EF1261C9F26}"
EndProject
Project("{8BC9CEB8-8B4A-11D0-8D11-00A0C91BC942}") = "Project2", "..\Project2\Project2\Project2.vcxproj", "{F5C59F0D-FD58-421F-978B-82F18F2739E5}"
EndProject
Global
	GlobalSection(SolutionConfigurationPlatforms) = preSolution
		Debug|Win32 = Debug|Win32
		Release|Win32 = Release|Win32
	EndGlobalSection
	GlobalSection(ProjectConfigurationPlatforms) = postSolution
		{D8BFEA8D-9794-45A3-910F-9EF1261C9F26}.Debug|Win32.ActiveCfg = Debug|Win32
		{D8BFEA8D-9794-45A3-910F-9EF1261C9F26}.Debug|Win32.Build.0 = Debug|Win32
		{D8BFEA8D-9794-45A3-910F-9EF1261C9F26}.Release|Win32.ActiveCfg = Release|Win32
		{D8BFEA8D-9794-45A3-910F-9EF1261C9F26}.Release|Win32.Build.0 = Release|Win32
		{F5C59F0D-FD58-421F-978B-82F18F2739E5}.Debug|Win32.ActiveCfg = Debug|Win32
		{F5C59F0D-FD58-421F-978B-82F18F2739E5}.Debug|Win32.Build.0 = Debug|Win32
		{F5C59F0D-FD58-421F-978B-82F18F2739E5}.Release|Win32.ActiveCfg = Release|Win32
		{F5C59F0D-FD58-421F-978B-82F18F2739E5}.Release|Win32.Build.0 = Release|Win32
	EndGlobalSection
	GlobalSection(SolutionProperties) = preSolution
		HideSolutionNode = FALSE
	EndGlobalSection
EndGlobal
